Microsoft Visual Studio Solution File, Format Version 11.00
# Visual Studio 2008

Project("{DC11D765-852D-E4EB-F050-A221A62038D6}") = "2DHitPlane", "Assembly-CSharp.csproj", "{2E531015-0E4F-F3D8-7A4B-2BFBDCD909EE}"
EndProject
Global
	GlobalSection(SolutionConfigurationPlatforms) = preSolution
		Debug|Any CPU = Debug|Any CPU
		Release|Any CPU = Release|Any CPU
	EndGlobalSection
	GlobalSection(ProjectConfigurationPlatforms) = postSolution
		{2E531015-0E4F-F3D8-7A4B-2BFBDCD909EE}.Debug|Any CPU.ActiveCfg = Debug|Any CPU
		{2E531015-0E4F-F3D8-7A4B-2BFBDCD909EE}.Debug|Any CPU.Build.0 = Debug|Any CPU
		{2E531015-0E4F-F3D8-7A4B-2BFBDCD909EE}.Release|Any CPU.ActiveCfg = Release|Any CPU
		{2E531015-0E4F-F3D8-7A4B-2BFBDCD909EE}.Release|Any CPU.Build.0 = Release|Any CPU
	EndGlobalSection
	GlobalSection(SolutionProperties) = preSolution
		HideSolutionNode = FALSE
	EndGlobalSection
	GlobalSection(MonoDevelopProperties) = preSolution
		StartupItem = Assembly-CSharp.csproj
	EndGlobalSection
EndGlobal
